
Microsoft Visual Studio Solution File, Format Version 12.00
# Visual Studio Version 17
VisualStudioVersion = 17.13.35825.156 d17.13
MinimumVisualStudioVersion = 10.0.40219.1
Project("{FAE04EC0-301F-11D3-BF4B-00C04F79EFBC}") = "Vaerksted", "Vaerksted\Vaerksted.csproj", "{1AD0C981-08E7-4DE8-A2AC-9A1FC2F6B845}"
EndProject
Global
	GlobalSection(SolutionConfigurationPlatforms) = preSolution
		Debug|Any CPU = Debug|Any CPU
		Release|Any CPU = Release|Any CPU
	EndGlobalSection
	GlobalSection(ProjectConfigurationPlatforms) = postSolution
		{1AD0C981-08E7-4DE8-A2AC-9A1FC2F6B845}.Debug|Any CPU.ActiveCfg = Debug|Any CPU
		{1AD0C981-08E7-4DE8-A2AC-9A1FC2F6B845}.Debug|Any CPU.Build.0 = Debug|Any CPU
		{1AD0C981-08E7-4DE8-A2AC-9A1FC2F6B845}.Release|Any CPU.ActiveCfg = Release|Any CPU
		{1AD0C981-08E7-4DE8-A2AC-9A1FC2F6B845}.Release|Any CPU.Build.0 = Release|Any CPU
	EndGlobalSection
	GlobalSection(SolutionProperties) = preSolution
		HideSolutionNode = FALSE
	EndGlobalSection
	GlobalSection(ExtensibilityGlobals) = postSolution
		SolutionGuid = {BBC65EAA-8DD4-41F3-8D26-AD84441689C7}
	EndGlobalSection
EndGlobal
